
Microsoft Visual Studio Solution File, Format Version 12.00
# Visual Studio 14
VisualStudioVersion = 14.0.23107.0
MinimumVisualStudioVersion = 10.0.40219.1
Project("{FAE04EC0-301F-11D3-BF4B-00C04F79EFBC}") = "WebSite", "WebSite\WebSite.csproj", "{993BA48C-B265-4B53-AFB3-D3436B4BB0BD}"
EndProject
Project("{FAE04EC0-301F-11D3-BF4B-00C04F79EFBC}") = "Challenge.Core", "Challenge.Core\Challenge.Core.csproj", "{8A9C5FA5-E160-42DF-B92F-ABB1733E0FE8}"
EndProject
Project("{FAE04EC0-301F-11D3-BF4B-00C04F79EFBC}") = "Challenge.Core.Test", "Challenge.Core.Test\Challenge.Core.Test.csproj", "{7F150E03-48C8-4F29-9F88-1AB98728F256}"
EndProject
Global
	GlobalSection(SolutionConfigurationPlatforms) = preSolution
		Debug|Any CPU = Debug|Any CPU
		Release|Any CPU = Release|Any CPU
	EndGlobalSection
	GlobalSection(ProjectConfigurationPlatforms) = postSolution
		{993BA48C-B265-4B53-AFB3-D3436B4BB0BD}.Debug|Any CPU.ActiveCfg = Debug|Any CPU
		{993BA48C-B265-4B53-AFB3-D3436B4BB0BD}.Debug|Any CPU.Build.0 = Debug|Any CPU
		{993BA48C-B265-4B53-AFB3-D3436B4BB0BD}.Release|Any CPU.ActiveCfg = Release|Any CPU
		{993BA48C-B265-4B53-AFB3-D3436B4BB0BD}.Release|Any CPU.Build.0 = Release|Any CPU
		{8A9C5FA5-E160-42DF-B92F-ABB1733E0FE8}.Debug|Any CPU.ActiveCfg = Debug|Any CPU
		{8A9C5FA5-E160-42DF-B92F-ABB1733E0FE8}.Debug|Any CPU.Build.0 = Debug|Any CPU
		{8A9C5FA5-E160-42DF-B92F-ABB1733E0FE8}.Release|Any CPU.ActiveCfg = Release|Any CPU
		{8A9C5FA5-E160-42DF-B92F-ABB1733E0FE8}.Release|Any CPU.Build.0 = Release|Any CPU
		{7F150E03-48C8-4F29-9F88-1AB98728F256}.Debug|Any CPU.ActiveCfg = Debug|Any CPU
		{7F150E03-48C8-4F29-9F88-1AB98728F256}.Debug|Any CPU.Build.0 = Debug|Any CPU
		{7F150E03-48C8-4F29-9F88-1AB98728F256}.Release|Any CPU.ActiveCfg = Release|Any CPU
		{7F150E03-48C8-4F29-9F88-1AB98728F256}.Release|Any CPU.Build.0 = Release|Any CPU
	EndGlobalSection
	GlobalSection(SolutionProperties) = preSolution
		HideSolutionNode = FALSE
	EndGlobalSection
EndGlobal
